
Microsoft Visual Studio Solution File, Format Version 12.00
# Visual Studio Version 16
VisualStudioVersion = 16.0.31624.102
MinimumVisualStudioVersion = 10.0.40219.1
Project("{9A19103F-16F7-4668-BE54-9A1E7A4F7556}") = "EfAssignment", "EfAssignment\EfAssignment.csproj", "{49DB9979-4731-4565-AB49-BE170CDAD5FB}"
EndProject
Project("{FAE04EC0-301F-11D3-BF4B-00C04F79EFBC}") = "EmpDeptWebApplication", "EmpDeptWebApplication\EmpDeptWebApplication.csproj", "{42CA96CD-34C2-4AB1-B2A7-475F4445823B}"
EndProject
Global
	GlobalSection(SolutionConfigurationPlatforms) = preSolution
		Debug|Any CPU = Debug|Any CPU
		Release|Any CPU = Release|Any CPU
	EndGlobalSection
	GlobalSection(ProjectConfigurationPlatforms) = postSolution
		{49DB9979-4731-4565-AB49-BE170CDAD5FB}.Debug|Any CPU.ActiveCfg = Debug|Any CPU
		{49DB9979-4731-4565-AB49-BE170CDAD5FB}.Debug|Any CPU.Build.0 = Debug|Any CPU
		{49DB9979-4731-4565-AB49-BE170CDAD5FB}.Release|Any CPU.ActiveCfg = Release|Any CPU
		{49DB9979-4731-4565-AB49-BE170CDAD5FB}.Release|Any CPU.Build.0 = Release|Any CPU
		{42CA96CD-34C2-4AB1-B2A7-475F4445823B}.Debug|Any CPU.ActiveCfg = Debug|Any CPU
		{42CA96CD-34C2-4AB1-B2A7-475F4445823B}.Debug|Any CPU.Build.0 = Debug|Any CPU
		{42CA96CD-34C2-4AB1-B2A7-475F4445823B}.Release|Any CPU.ActiveCfg = Release|Any CPU
		{42CA96CD-34C2-4AB1-B2A7-475F4445823B}.Release|Any CPU.Build.0 = Release|Any CPU
	EndGlobalSection
	GlobalSection(SolutionProperties) = preSolution
		HideSolutionNode = FALSE
	EndGlobalSection
	GlobalSection(ExtensibilityGlobals) = postSolution
		SolutionGuid = {DCE6E37D-7E53-4B5A-9B81-DA9019E7BA96}
	EndGlobalSection
EndGlobal
